
Microsoft Visual Studio Solution File, Format Version 12.00
# Visual Studio Version 16
VisualStudioVersion = 16.0.28922.388
MinimumVisualStudioVersion = 10.0.40219.1
Project("{FAE04EC0-301F-11D3-BF4B-00C04F79EFBC}") = "HospitalGestion", "HospitalGestion\HospitalGestion.csproj", "{72021195-89A9-4975-B5BE-61EC5FFEE12E}"
EndProject
Project("{9A19103F-16F7-4668-BE54-9A1E7A4F7556}") = "Test_Hopital_Gestion", "Test_Hopital_Gestion\Test_Hopital_Gestion.csproj", "{7FAABE6A-F509-4CCD-8946-97AF1E1735DD}"
EndProject
Project("{FAE04EC0-301F-11D3-BF4B-00C04F79EFBC}") = "HopitalGestionWPF", "HopitalGestionWPF\HopitalGestionWPF.csproj", "{F830A8EC-8CC7-43E7-9550-0B02510AF2F3}"
EndProject
Project("{FAE04EC0-301F-11D3-BF4B-00C04F79EFBC}") = "HopitalGestionLinqToSql", "HopitalGestionLinqToSql\HopitalGestionLinqToSql.csproj", "{FC0A0CC7-F71C-4D4A-95B1-52808E25551C}"
EndProject
Global
	GlobalSection(SolutionConfigurationPlatforms) = preSolution
		Debug|Any CPU = Debug|Any CPU
		Release|Any CPU = Release|Any CPU
	EndGlobalSection
	GlobalSection(ProjectConfigurationPlatforms) = postSolution
		{72021195-89A9-4975-B5BE-61EC5FFEE12E}.Debug|Any CPU.ActiveCfg = Debug|Any CPU
		{72021195-89A9-4975-B5BE-61EC5FFEE12E}.Debug|Any CPU.Build.0 = Debug|Any CPU
		{72021195-89A9-4975-B5BE-61EC5FFEE12E}.Release|Any CPU.ActiveCfg = Release|Any CPU
		{72021195-89A9-4975-B5BE-61EC5FFEE12E}.Release|Any CPU.Build.0 = Release|Any CPU
		{7FAABE6A-F509-4CCD-8946-97AF1E1735DD}.Debug|Any CPU.ActiveCfg = Debug|Any CPU
		{7FAABE6A-F509-4CCD-8946-97AF1E1735DD}.Debug|Any CPU.Build.0 = Debug|Any CPU
		{7FAABE6A-F509-4CCD-8946-97AF1E1735DD}.Release|Any CPU.ActiveCfg = Release|Any CPU
		{7FAABE6A-F509-4CCD-8946-97AF1E1735DD}.Release|Any CPU.Build.0 = Release|Any CPU
		{F830A8EC-8CC7-43E7-9550-0B02510AF2F3}.Debug|Any CPU.ActiveCfg = Debug|Any CPU
		{F830A8EC-8CC7-43E7-9550-0B02510AF2F3}.Debug|Any CPU.Build.0 = Debug|Any CPU
		{F830A8EC-8CC7-43E7-9550-0B02510AF2F3}.Release|Any CPU.ActiveCfg = Release|Any CPU
		{F830A8EC-8CC7-43E7-9550-0B02510AF2F3}.Release|Any CPU.Build.0 = Release|Any CPU
		{FC0A0CC7-F71C-4D4A-95B1-52808E25551C}.Debug|Any CPU.ActiveCfg = Debug|Any CPU
		{FC0A0CC7-F71C-4D4A-95B1-52808E25551C}.Debug|Any CPU.Build.0 = Debug|Any CPU
		{FC0A0CC7-F71C-4D4A-95B1-52808E25551C}.Release|Any CPU.ActiveCfg = Release|Any CPU
		{FC0A0CC7-F71C-4D4A-95B1-52808E25551C}.Release|Any CPU.Build.0 = Release|Any CPU
	EndGlobalSection
	GlobalSection(SolutionProperties) = preSolution
		HideSolutionNode = FALSE
	EndGlobalSection
	GlobalSection(ExtensibilityGlobals) = postSolution
		SolutionGuid = {B01A6692-1E08-4BDC-B8A2-C7BBF1F8BF87}
	EndGlobalSection
EndGlobal
